
Microsoft Visual Studio Solution File, Format Version 12.00
# Visual Studio Version 16
VisualStudioVersion = 16.0.30204.135
MinimumVisualStudioVersion = 10.0.40219.1
Project("{2150E333-8FDC-42A3-9474-1A3956D46DE8}") = "APIs", "APIs", "{CAD62AEA-835D-4732-AB60-85B695025C52}"
EndProject
Project("{2150E333-8FDC-42A3-9474-1A3956D46DE8}") = "ClassLibraries", "ClassLibraries", "{FB8AEB7D-1417-4F3C-9FE4-FE2560D9F52E}"
EndProject
Project("{2150E333-8FDC-42A3-9474-1A3956D46DE8}") = "DATA", "DATA", "{D74325E2-B04E-4873-9888-E5C7EBF112D7}"
EndProject
Project("{2150E333-8FDC-42A3-9474-1A3956D46DE8}") = "Application", "Application", "{85F276A3-6190-48E5-BFDD-E175E5D239E8}"
EndProject
Project("{2150E333-8FDC-42A3-9474-1A3956D46DE8}") = "Domain", "Domain", "{6EE9DD10-80DE-4565-A9B4-31B81E4BB5FA}"
EndProject
Project("{2150E333-8FDC-42A3-9474-1A3956D46DE8}") = "SocialSite", "SocialSite", "{3DAB01E7-027E-4DD8-90D7-122C56E797E8}"
EndProject
Project("{9A19103F-16F7-4668-BE54-9A1E7A4F7556}") = "SocialSite", "API\SocialSite\SocialSite\SocialSite.csproj", "{4EE48FCF-EBAA-4FC3-9EB4-E0A8EF0CD1AE}"
EndProject
Project("{9A19103F-16F7-4668-BE54-9A1E7A4F7556}") = "SDomain", "ClassLiabraries\Domain\SDomain\SDomain.csproj", "{CC368D7A-0975-46F1-B5FC-6A4FA1763B5E}"
EndProject
Project("{9A19103F-16F7-4668-BE54-9A1E7A4F7556}") = "SDATA", "ClassLiabraries\Data\SDATA\SDATA.csproj", "{B8C108C0-A2FA-48DF-B0C2-6CDEF463F8A8}"
EndProject
Project("{2150E333-8FDC-42A3-9474-1A3956D46DE8}") = "Client-App", "Client-App", "{4A94D29F-4E54-4267-BD9A-D286A6AC609E}"
	ProjectSection(SolutionItems) = preProject
		Notes.txt = Notes.txt
	EndProjectSection
EndProject
Project("{2150E333-8FDC-42A3-9474-1A3956D46DE8}") = "Solution Items", "Solution Items", "{841689BB-4F54-4D5D-814B-3E62DBACBA7A}"
	ProjectSection(SolutionItems) = preProject
		Notes.txt = Notes.txt
	EndProjectSection
EndProject
Global
	GlobalSection(SolutionConfigurationPlatforms) = preSolution
		Debug|Any CPU = Debug|Any CPU
		Release|Any CPU = Release|Any CPU
	EndGlobalSection
	GlobalSection(ProjectConfigurationPlatforms) = postSolution
		{4EE48FCF-EBAA-4FC3-9EB4-E0A8EF0CD1AE}.Debug|Any CPU.ActiveCfg = Debug|Any CPU
		{4EE48FCF-EBAA-4FC3-9EB4-E0A8EF0CD1AE}.Debug|Any CPU.Build.0 = Debug|Any CPU
		{4EE48FCF-EBAA-4FC3-9EB4-E0A8EF0CD1AE}.Release|Any CPU.ActiveCfg = Release|Any CPU
		{4EE48FCF-EBAA-4FC3-9EB4-E0A8EF0CD1AE}.Release|Any CPU.Build.0 = Release|Any CPU
		{CC368D7A-0975-46F1-B5FC-6A4FA1763B5E}.Debug|Any CPU.ActiveCfg = Debug|Any CPU
		{CC368D7A-0975-46F1-B5FC-6A4FA1763B5E}.Debug|Any CPU.Build.0 = Debug|Any CPU
		{CC368D7A-0975-46F1-B5FC-6A4FA1763B5E}.Release|Any CPU.ActiveCfg = Release|Any CPU
		{CC368D7A-0975-46F1-B5FC-6A4FA1763B5E}.Release|Any CPU.Build.0 = Release|Any CPU
		{B8C108C0-A2FA-48DF-B0C2-6CDEF463F8A8}.Debug|Any CPU.ActiveCfg = Debug|Any CPU
		{B8C108C0-A2FA-48DF-B0C2-6CDEF463F8A8}.Debug|Any CPU.Build.0 = Debug|Any CPU
		{B8C108C0-A2FA-48DF-B0C2-6CDEF463F8A8}.Release|Any CPU.ActiveCfg = Release|Any CPU
		{B8C108C0-A2FA-48DF-B0C2-6CDEF463F8A8}.Release|Any CPU.Build.0 = Release|Any CPU
	EndGlobalSection
	GlobalSection(SolutionProperties) = preSolution
		HideSolutionNode = FALSE
	EndGlobalSection
	GlobalSection(NestedProjects) = preSolution
		{D74325E2-B04E-4873-9888-E5C7EBF112D7} = {FB8AEB7D-1417-4F3C-9FE4-FE2560D9F52E}
		{85F276A3-6190-48E5-BFDD-E175E5D239E8} = {FB8AEB7D-1417-4F3C-9FE4-FE2560D9F52E}
		{6EE9DD10-80DE-4565-A9B4-31B81E4BB5FA} = {FB8AEB7D-1417-4F3C-9FE4-FE2560D9F52E}
		{3DAB01E7-027E-4DD8-90D7-122C56E797E8} = {CAD62AEA-835D-4732-AB60-85B695025C52}
		{4EE48FCF-EBAA-4FC3-9EB4-E0A8EF0CD1AE} = {3DAB01E7-027E-4DD8-90D7-122C56E797E8}
		{CC368D7A-0975-46F1-B5FC-6A4FA1763B5E} = {6EE9DD10-80DE-4565-A9B4-31B81E4BB5FA}
		{B8C108C0-A2FA-48DF-B0C2-6CDEF463F8A8} = {D74325E2-B04E-4873-9888-E5C7EBF112D7}
	EndGlobalSection
	GlobalSection(ExtensibilityGlobals) = postSolution
		SolutionGuid = {8E31ACE7-7490-4AF5-AD64-65CF0E737163}
	EndGlobalSection
EndGlobal
